
Microsoft Visual Studio Solution File, Format Version 12.00
# Visual Studio Version 17
VisualStudioVersion = 17.5.33414.496
MinimumVisualStudioVersion = 10.0.40219.1
Project("{FAE04EC0-301F-11D3-BF4B-00C04F79EFBC}") = "Mihai_Darius_Lab2", "Mihai_Darius_Lab2\Mihai_Darius_Lab2.csproj", "{93DBD723-D3D3-4BBA-A7DF-246705F7B912}"
EndProject
Global
	GlobalSection(SolutionConfigurationPlatforms) = preSolution
		Debug|Any CPU = Debug|Any CPU
		Release|Any CPU = Release|Any CPU
	EndGlobalSection
	GlobalSection(ProjectConfigurationPlatforms) = postSolution
		{93DBD723-D3D3-4BBA-A7DF-246705F7B912}.Debug|Any CPU.ActiveCfg = Debug|Any CPU
		{93DBD723-D3D3-4BBA-A7DF-246705F7B912}.Debug|Any CPU.Build.0 = Debug|Any CPU
		{93DBD723-D3D3-4BBA-A7DF-246705F7B912}.Release|Any CPU.ActiveCfg = Release|Any CPU
		{93DBD723-D3D3-4BBA-A7DF-246705F7B912}.Release|Any CPU.Build.0 = Release|Any CPU
	EndGlobalSection
	GlobalSection(SolutionProperties) = preSolution
		HideSolutionNode = FALSE
	EndGlobalSection
	GlobalSection(ExtensibilityGlobals) = postSolution
		SolutionGuid = {20D4246E-18D4-4CE3-B3E9-BAE43A36A559}
	EndGlobalSection
EndGlobal
